// !$*UTF8*$!
{
	archiveVersion = 1;
	classes = {
	};
	objectVersion = 50;
	objects = {

/* Begin PBXBuildFile section */
		D74C923D2208AB79001FBAB5 /* AppDelegate.swift in Sources */ = {isa = PBXBuildFile; fileRef = D74C923C2208AB79001FBAB5 /* AppDelegate.swift */; };
		D74C923F2208AB79001FBAB5 /* ViewController.swift in Sources */ = {isa = PBXBuildFile; fileRef = D74C923E2208AB79001FBAB5 /* ViewController.swift */; };
		D74C92442208AB7C001FBAB5 /* Assets.xcassets in Resources */ = {isa = PBXBuildFile; fileRef = D74C92432208AB7C001FBAB5 /* Assets.xcassets */; };
		D74C92512208B649001FBAB5 /* ExampleSignInView.swift in Sources */ = {isa = PBXBuildFile; fileRef = D74C92502208B649001FBAB5 /* ExampleSignInView.swift */; };
		D74C92542208C171001FBAB5 /* ExampleStaticHeightView.swift in Sources */ = {isa = PBXBuildFile; fileRef = D74C92532208C171001FBAB5 /* ExampleStaticHeightView.swift */; };
		D74C92562208C19A001FBAB5 /* ExampleIntrinsicHeightView.swift in Sources */ = {isa = PBXBuildFile; fileRef = D74C92552208C19A001FBAB5 /* ExampleIntrinsicHeightView.swift */; };
		D7967140220AEFC00004667C /* WSPopup.h in Headers */ = {isa = PBXBuildFile; fileRef = D796713E220AEFC00004667C /* WSPopup.h */; settings = {ATTRIBUTES = (Public, ); }; };
		D7967143220AEFC00004667C /* WSPopup.framework in Frameworks */ = {isa = PBXBuildFile; fileRef = D796713C220AEFC00004667C /* WSPopup.framework */; };
		D7967144220AEFC00004667C /* WSPopup.framework in Embed Frameworks */ = {isa = PBXBuildFile; fileRef = D796713C220AEFC00004667C /* WSPopup.framework */; settings = {ATTRIBUTES = (CodeSignOnCopy, RemoveHeadersOnCopy, ); }; };
		D7967149220AEFDD0004667C /* WSScrollViewController.swift in Sources */ = {isa = PBXBuildFile; fileRef = D79671312209C0540004667C /* WSScrollViewController.swift */; };
		D796714A220AEFE00004667C /* WSPopupActionable.swift in Sources */ = {isa = PBXBuildFile; fileRef = D7967135220AE1E90004667C /* WSPopupActionable.swift */; };
		D796714B220AEFE20004667C /* WSPopupViewController.swift in Sources */ = {isa = PBXBuildFile; fileRef = D79671322209C0540004667C /* WSPopupViewController.swift */; };
/* End PBXBuildFile section */

/* Begin PBXContainerItemProxy section */
		D7967141220AEFC00004667C /* PBXContainerItemProxy */ = {
			isa = PBXContainerItemProxy;
			containerPortal = D74C92312208AB79001FBAB5 /* Project object */;
			proxyType = 1;
			remoteGlobalIDString = D796713B220AEFC00004667C;
			remoteInfo = WSPopup;
		};
/* End PBXContainerItemProxy section */

/* Begin PBXCopyFilesBuildPhase section */
		D7967148220AEFC00004667C /* Embed Frameworks */ = {
			isa = PBXCopyFilesBuildPhase;
			buildActionMask = 2147483647;
			dstPath = "";
			dstSubfolderSpec = 10;
			files = (
				D7967144220AEFC00004667C /* WSPopup.framework in Embed Frameworks */,
			);
			name = "Embed Frameworks";
			runOnlyForDeploymentPostprocessing = 0;
		};
/* End PBXCopyFilesBuildPhase section */

/* Begin PBXFileReference section */
		D74C92392208AB79001FBAB5 /* WSPopupExample.app */ = {isa = PBXFileReference; explicitFileType = wrapper.application; includeInIndex = 0; path = WSPopupExample.app; sourceTree = BUILT_PRODUCTS_DIR; };
		D74C923C2208AB79001FBAB5 /* AppDelegate.swift */ = {isa = PBXFileReference; lastKnownFileType = sourcecode.swift; path = AppDelegate.swift; sourceTree = "<group>"; };
		D74C923E2208AB79001FBAB5 /* ViewController.swift */ = {isa = PBXFileReference; lastKnownFileType = sourcecode.swift; path = ViewController.swift; sourceTree = "<group>"; };
		D74C92432208AB7C001FBAB5 /* Assets.xcassets */ = {isa = PBXFileReference; lastKnownFileType = folder.assetcatalog; path = Assets.xcassets; sourceTree = "<group>"; };
		D74C92482208AB7C001FBAB5 /* Info.plist */ = {isa = PBXFileReference; lastKnownFileType = text.plist.xml; path = Info.plist; sourceTree = "<group>"; };
		D74C92502208B649001FBAB5 /* ExampleSignInView.swift */ = {isa = PBXFileReference; lastKnownFileType = sourcecode.swift; path = ExampleSignInView.swift; sourceTree = "<group>"; };
		D74C92532208C171001FBAB5 /* ExampleStaticHeightView.swift */ = {isa = PBXFileReference; lastKnownFileType = sourcecode.swift; path = ExampleStaticHeightView.swift; sourceTree = "<group>"; };
		D74C92552208C19A001FBAB5 /* ExampleIntrinsicHeightView.swift */ = {isa = PBXFileReference; lastKnownFileType = sourcecode.swift; path = ExampleIntrinsicHeightView.swift; sourceTree = "<group>"; };
		D79671312209C0540004667C /* WSScrollViewController.swift */ = {isa = PBXFileReference; fileEncoding = 4; lastKnownFileType = sourcecode.swift; path = WSScrollViewController.swift; sourceTree = "<group>"; };
		D79671322209C0540004667C /* WSPopupViewController.swift */ = {isa = PBXFileReference; fileEncoding = 4; lastKnownFileType = sourcecode.swift; path = WSPopupViewController.swift; sourceTree = "<group>"; };
		D7967135220AE1E90004667C /* WSPopupActionable.swift */ = {isa = PBXFileReference; lastKnownFileType = sourcecode.swift; path = WSPopupActionable.swift; sourceTree = "<group>"; };
		D796713C220AEFC00004667C /* WSPopup.framework */ = {isa = PBXFileReference; explicitFileType = wrapper.framework; includeInIndex = 0; path = WSPopup.framework; sourceTree = BUILT_PRODUCTS_DIR; };
		D796713E220AEFC00004667C /* WSPopup.h */ = {isa = PBXFileReference; lastKnownFileType = sourcecode.c.h; path = WSPopup.h; sourceTree = "<group>"; };
		D796713F220AEFC00004667C /* Info.plist */ = {isa = PBXFileReference; lastKnownFileType = text.plist.xml; path = Info.plist; sourceTree = "<group>"; };
/* End PBXFileReference section */

/* Begin PBXFrameworksBuildPhase section */
		D74C92362208AB79001FBAB5 /* Frameworks */ = {
			isa = PBXFrameworksBuildPhase;
			buildActionMask = 2147483647;
			files = (
				D7967143220AEFC00004667C /* WSPopup.framework in Frameworks */,
			);
			runOnlyForDeploymentPostprocessing = 0;
		};
		D7967139220AEFC00004667C /* Frameworks */ = {
			isa = PBXFrameworksBuildPhase;
			buildActionMask = 2147483647;
			files = (
			);
			runOnlyForDeploymentPostprocessing = 0;
		};
/* End PBXFrameworksBuildPhase section */

/* Begin PBXGroup section */
		D74C92302208AB79001FBAB5 = {
			isa = PBXGroup;
			children = (
				D79671302209C0540004667C /* Source */,
				D74C923B2208AB79001FBAB5 /* Example */,
				D796713D220AEFC00004667C /* WSPopup */,
				D74C923A2208AB79001FBAB5 /* Products */,
			);
			sourceTree = "<group>";
		};
		D74C923A2208AB79001FBAB5 /* Products */ = {
			isa = PBXGroup;
			children = (
				D74C92392208AB79001FBAB5 /* WSPopupExample.app */,
				D796713C220AEFC00004667C /* WSPopup.framework */,
			);
			name = Products;
			sourceTree = "<group>";
		};
		D74C923B2208AB79001FBAB5 /* Example */ = {
			isa = PBXGroup;
			children = (
				D74C923C2208AB79001FBAB5 /* AppDelegate.swift */,
				D74C923E2208AB79001FBAB5 /* ViewController.swift */,
				D74C92502208B649001FBAB5 /* ExampleSignInView.swift */,
				D74C92532208C171001FBAB5 /* ExampleStaticHeightView.swift */,
				D74C92552208C19A001FBAB5 /* ExampleIntrinsicHeightView.swift */,
				D74C92432208AB7C001FBAB5 /* Assets.xcassets */,
				D74C92482208AB7C001FBAB5 /* Info.plist */,
			);
			path = Example;
			sourceTree = "<group>";
		};
		D79671302209C0540004667C /* Source */ = {
			isa = PBXGroup;
			children = (
				D79671312209C0540004667C /* WSScrollViewController.swift */,
				D7967135220AE1E90004667C /* WSPopupActionable.swift */,
				D79671322209C0540004667C /* WSPopupViewController.swift */,
			);
			path = Source;
			sourceTree = "<group>";
		};
		D796713D220AEFC00004667C /* WSPopup */ = {
			isa = PBXGroup;
			children = (
				D796713E220AEFC00004667C /* WSPopup.h */,
				D796713F220AEFC00004667C /* Info.plist */,
			);
			path = WSPopup;
			sourceTree = "<group>";
		};
/* End PBXGroup section */

/* Begin PBXHeadersBuildPhase section */
		D7967137220AEFC00004667C /* Headers */ = {
			isa = PBXHeadersBuildPhase;
			buildActionMask = 2147483647;
			files = (
				D7967140220AEFC00004667C /* WSPopup.h in Headers */,
			);
			runOnlyForDeploymentPostprocessing = 0;
		};
/* End PBXHeadersBuildPhase section */

/* Begin PBXNativeTarget section */
		D74C92382208AB79001FBAB5 /* WSPopupExample */ = {
			isa = PBXNativeTarget;
			buildConfigurationList = D74C924B2208AB7C001FBAB5 /* Build configuration list for PBXNativeTarget "WSPopupExample" */;
			buildPhases = (
				D74C92352208AB79001FBAB5 /* Sources */,
				D74C92362208AB79001FBAB5 /* Frameworks */,
				D74C92372208AB79001FBAB5 /* Resources */,
				D74C92522208BF52001FBAB5 /* Integrate Reveal Server */,
				D7967148220AEFC00004667C /* Embed Frameworks */,
			);
			buildRules = (
			);
			dependencies = (
				D7967142220AEFC00004667C /* PBXTargetDependency */,
			);
			name = WSPopupExample;
			productName = PopupExample;
			productReference = D74C92392208AB79001FBAB5 /* WSPopupExample.app */;
			productType = "com.apple.product-type.application";
		};
		D796713B220AEFC00004667C /* WSPopup */ = {
			isa = PBXNativeTarget;
			buildConfigurationList = D7967145220AEFC00004667C /* Build configuration list for PBXNativeTarget "WSPopup" */;
			buildPhases = (
				D7967137220AEFC00004667C /* Headers */,
				D7967138220AEFC00004667C /* Sources */,
				D7967139220AEFC00004667C /* Frameworks */,
				D796713A220AEFC00004667C /* Resources */,
			);
			buildRules = (
			);
			dependencies = (
			);
			name = WSPopup;
			productName = WSPopup;
			productReference = D796713C220AEFC00004667C /* WSPopup.framework */;
			productType = "com.apple.product-type.framework";
		};
/* End PBXNativeTarget section */

/* Begin PBXProject section */
		D74C92312208AB79001FBAB5 /* Project object */ = {
			isa = PBXProject;
			attributes = {
				LastSwiftUpdateCheck = 1010;
				LastUpgradeCheck = 1010;
				ORGANIZATIONNAME = Whitesmith;
				TargetAttributes = {
					D74C92382208AB79001FBAB5 = {
						CreatedOnToolsVersion = 10.1;
						LastSwiftMigration = 1020;
					};
					D796713B220AEFC00004667C = {
						CreatedOnToolsVersion = 10.1;
						LastSwiftMigration = 1020;
					};
				};
			};
			buildConfigurationList = D74C92342208AB79001FBAB5 /* Build configuration list for PBXProject "WSPopup" */;
			compatibilityVersion = "Xcode 9.3";
			developmentRegion = en;
			hasScannedForEncodings = 0;
			knownRegions = (
				en,
				Base,
			);
			mainGroup = D74C92302208AB79001FBAB5;
			productRefGroup = D74C923A2208AB79001FBAB5 /* Products */;
			projectDirPath = "";
			projectRoot = "";
			targets = (
				D74C92382208AB79001FBAB5 /* WSPopupExample */,
				D796713B220AEFC00004667C /* WSPopup */,
			);
		};
/* End PBXProject section */

/* Begin PBXResourcesBuildPhase section */
		D74C92372208AB79001FBAB5 /* Resources */ = {
			isa = PBXResourcesBuildPhase;
			buildActionMask = 2147483647;
			files = (
				D74C92442208AB7C001FBAB5 /* Assets.xcassets in Resources */,
			);
			runOnlyForDeploymentPostprocessing = 0;
		};
		D796713A220AEFC00004667C /* Resources */ = {
			isa = PBXResourcesBuildPhase;
			buildActionMask = 2147483647;
			files = (
			);
			runOnlyForDeploymentPostprocessing = 0;
		};
/* End PBXResourcesBuildPhase section */

/* Begin PBXShellScriptBuildPhase section */
		D74C92522208BF52001FBAB5 /* Integrate Reveal Server */ = {
			isa = PBXShellScriptBuildPhase;
			buildActionMask = 2147483647;
			files = (
			);
			inputFileListPaths = (
			);
			inputPaths = (
			);
			name = "Integrate Reveal Server";
			outputFileListPaths = (
			);
			outputPaths = (
			);
			runOnlyForDeploymentPostprocessing = 0;
			shellPath = /bin/sh;
			shellScript = "export REVEAL_SERVER_FILENAME=\"RevealServer.framework\"\n\n# Update this path to point to the location of RevealServer.framework in your project.\nexport REVEAL_SERVER_PATH=\"${SRCROOT}/Example/${REVEAL_SERVER_FILENAME}\"\n\n# If configuration is not Debug, skip this script.\n[ \"${CONFIGURATION}\" != \"Debug\" ] && exit 0\n\n# If RevealServer.framework exists at the specified path, run code signing script.\nif [ -d \"${REVEAL_SERVER_PATH}\" ]; then\n\"${REVEAL_SERVER_PATH}/Scripts/copy_and_codesign_revealserver.sh\"\nelse\necho \"Reveal Server not loaded: RevealServer.framework could not be found.\"\nfi\n";
		};
/* End PBXShellScriptBuildPhase section */

/* Begin PBXSourcesBuildPhase section */
		D74C92352208AB79001FBAB5 /* Sources */ = {
			isa = PBXSourcesBuildPhase;
			buildActionMask = 2147483647;
			files = (
				D74C923F2208AB79001FBAB5 /* ViewController.swift in Sources */,
				D74C92512208B649001FBAB5 /* ExampleSignInView.swift in Sources */,
				D74C923D2208AB79001FBAB5 /* AppDelegate.swift in Sources */,
				D74C92562208C19A001FBAB5 /* ExampleIntrinsicHeightView.swift in Sources */,
				D74C92542208C171001FBAB5 /* ExampleStaticHeightView.swift in Sources */,
			);
			runOnlyForDeploymentPostprocessing = 0;
		};
		D7967138220AEFC00004667C /* Sources */ = {
			isa = PBXSourcesBuildPhase;
			buildActionMask = 2147483647;
			files = (
				D796714A220AEFE00004667C /* WSPopupActionable.swift in Sources */,
				D796714B220AEFE20004667C /* WSPopupViewController.swift in Sources */,
				D7967149220AEFDD0004667C /* WSScrollViewController.swift in Sources */,
			);
			runOnlyForDeploymentPostprocessing = 0;
		};
/* End PBXSourcesBuildPhase section */

/* Begin PBXTargetDependency section */
		D7967142220AEFC00004667C /* PBXTargetDependency */ = {
			isa = PBXTargetDependency;
			target = D796713B220AEFC00004667C /* WSPopup */;
			targetProxy = D7967141220AEFC00004667C /* PBXContainerItemProxy */;
		};
/* End PBXTargetDependency section */

/* Begin XCBuildConfiguration section */
		D74C92492208AB7C001FBAB5 /* Debug */ = {
			isa = XCBuildConfiguration;
			buildSettings = {
				ALWAYS_SEARCH_USER_PATHS = NO;
				CLANG_ANALYZER_NONNULL = YES;
				CLANG_ANALYZER_NUMBER_OBJECT_CONVERSION = YES_AGGRESSIVE;
				CLANG_CXX_LANGUAGE_STANDARD = "gnu++14";
				CLANG_CXX_LIBRARY = "libc++";
				CLANG_ENABLE_MODULES = YES;
				CLANG_ENABLE_OBJC_ARC = YES;
				CLANG_ENABLE_OBJC_WEAK = YES;
				CLANG_WARN_BLOCK_CAPTURE_AUTORELEASING = YES;
				CLANG_WARN_BOOL_CONVERSION = YES;
				CLANG_WARN_COMMA = YES;
				CLANG_WARN_CONSTANT_CONVERSION = YES;
				CLANG_WARN_DEPRECATED_OBJC_IMPLEMENTATIONS = YES;
				CLANG_WARN_DIRECT_OBJC_ISA_USAGE = YES_ERROR;
				CLANG_WARN_DOCUMENTATION_COMMENTS = YES;
				CLANG_WARN_EMPTY_BODY = YES;
				CLANG_WARN_ENUM_CONVERSION = YES;
				CLANG_WARN_INFINITE_RECURSION = YES;
				CLANG_WARN_INT_CONVERSION = YES;
				CLANG_WARN_NON_LITERAL_NULL_CONVERSION = YES;
				CLANG_WARN_OBJC_IMPLICIT_RETAIN_SELF = YES;
				CLANG_WARN_OBJC_LITERAL_CONVERSION = YES;
				CLANG_WARN_OBJC_ROOT_CLASS = YES_ERROR;
				CLANG_WARN_RANGE_LOOP_ANALYSIS = YES;
				CLANG_WARN_STRICT_PROTOTYPES = YES;
				CLANG_WARN_SUSPICIOUS_MOVE = YES;
				CLANG_WARN_UNGUARDED_AVAILABILITY = YES_AGGRESSIVE;
				CLANG_WARN_UNREACHABLE_CODE = YES;
				CLANG_WARN__DUPLICATE_METHOD_MATCH = YES;
				CODE_SIGN_IDENTITY = "iPhone Developer";
				COPY_PHASE_STRIP = NO;
				CURRENT_BUNDLE_VERSION = 2.0.0;
				DEBUG_INFORMATION_FORMAT = dwarf;
				ENABLE_STRICT_OBJC_MSGSEND = YES;
				ENABLE_TESTABILITY = YES;
				GCC_C_LANGUAGE_STANDARD = gnu11;
				GCC_DYNAMIC_NO_PIC = NO;
				GCC_NO_COMMON_BLOCKS = YES;
				GCC_OPTIMIZATION_LEVEL = 0;
				GCC_PREPROCESSOR_DEFINITIONS = (
					"DEBUG=1",
					"$(inherited)",
				);
				GCC_WARN_64_TO_32_BIT_CONVERSION = YES;
				GCC_WARN_ABOUT_RETURN_TYPE = YES_ERROR;
				GCC_WARN_UNDECLARED_SELECTOR = YES;
				GCC_WARN_UNINITIALIZED_AUTOS = YES_AGGRESSIVE;
				GCC_WARN_UNUSED_FUNCTION = YES;
				GCC_WARN_UNUSED_VARIABLE = YES;
				IPHONEOS_DEPLOYMENT_TARGET = 12.1;
				MTL_ENABLE_DEBUG_INFO = INCLUDE_SOURCE;
				MTL_FAST_MATH = YES;
				ONLY_ACTIVE_ARCH = YES;
				SDKROOT = iphoneos;
				SWIFT_ACTIVE_COMPILATION_CONDITIONS = DEBUG;
				SWIFT_OPTIMIZATION_LEVEL = "-Onone";
			};
			name = Debug;
		};
		D74C924A2208AB7C001FBAB5 /* Release */ = {
			isa = XCBuildConfiguration;
			buildSettings = {
				ALWAYS_SEARCH_USER_PATHS = NO;
				CLANG_ANALYZER_NONNULL = YES;
				CLANG_ANALYZER_NUMBER_OBJECT_CONVERSION = YES_AGGRESSIVE;
				CLANG_CXX_LANGUAGE_STANDARD = "gnu++14";
				CLANG_CXX_LIBRARY = "libc++";
				CLANG_ENABLE_MODULES = YES;
				CLANG_ENABLE_OBJC_ARC = YES;
				CLANG_ENABLE_OBJC_WEAK = YES;
				CLANG_WARN_BLOCK_CAPTURE_AUTORELEASING = YES;
				CLANG_WARN_BOOL_CONVERSION = YES;
				CLANG_WARN_COMMA = YES;
				CLANG_WARN_CONSTANT_CONVERSION = YES;
				CLANG_WARN_DEPRECATED_OBJC_IMPLEMENTATIONS = YES;
				CLANG_WARN_DIRECT_OBJC_ISA_USAGE = YES_ERROR;
				CLANG_WARN_DOCUMENTATION_COMMENTS = YES;
				CLANG_WARN_EMPTY_BODY = YES;
				CLANG_WARN_ENUM_CONVERSION = YES;
				CLANG_WARN_INFINITE_RECURSION = YES;
				CLANG_WARN_INT_CONVERSION = YES;
				CLANG_WARN_NON_LITERAL_NULL_CONVERSION = YES;
				CLANG_WARN_OBJC_IMPLICIT_RETAIN_SELF = YES;
				CLANG_WARN_OBJC_LITERAL_CONVERSION = YES;
				CLANG_WARN_OBJC_ROOT_CLASS = YES_ERROR;
				CLANG_WARN_RANGE_LOOP_ANALYSIS = YES;
				CLANG_WARN_STRICT_PROTOTYPES = YES;
				CLANG_WARN_SUSPICIOUS_MOVE = YES;
				CLANG_WARN_UNGUARDED_AVAILABILITY = YES_AGGRESSIVE;
				CLANG_WARN_UNREACHABLE_CODE = YES;
				CLANG_WARN__DUPLICATE_METHOD_MATCH = YES;
				CODE_SIGN_IDENTITY = "iPhone Developer";
				COPY_PHASE_STRIP = NO;
				CURRENT_BUNDLE_VERSION = 2.0.0;
				DEBUG_INFORMATION_FORMAT = "dwarf-with-dsym";
				ENABLE_NS_ASSERTIONS = NO;
				ENABLE_STRICT_OBJC_MSGSEND = YES;
				GCC_C_LANGUAGE_STANDARD = gnu11;
				GCC_NO_COMMON_BLOCKS = YES;
				GCC_WARN_64_TO_32_BIT_CONVERSION = YES;
				GCC_WARN_ABOUT_RETURN_TYPE = YES_ERROR;
				GCC_WARN_UNDECLARED_SELECTOR = YES;
				GCC_WARN_UNINITIALIZED_AUTOS = YES_AGGRESSIVE;
				GCC_WARN_UNUSED_FUNCTION = YES;
				GCC_WARN_UNUSED_VARIABLE = YES;
				IPHONEOS_DEPLOYMENT_TARGET = 12.1;
				MTL_ENABLE_DEBUG_INFO = NO;
				MTL_FAST_MATH = YES;
				SDKROOT = iphoneos;
				SWIFT_COMPILATION_MODE = wholemodule;
				SWIFT_OPTIMIZATION_LEVEL = "-O";
				VALIDATE_PRODUCT = YES;
			};
			name = Release;
		};
		D74C924C2208AB7C001FBAB5 /* Debug */ = {
			isa = XCBuildConfiguration;
			buildSettings = {
				ALWAYS_EMBED_SWIFT_STANDARD_LIBRARIES = YES;
				ASSETCATALOG_COMPILER_APPICON_NAME = AppIcon;
				ASSETCATALOG_COMPILER_LAUNCHIMAGE_NAME = LaunchImage;
				CODE_SIGN_STYLE = Automatic;
				DEVELOPMENT_TEAM = 2E58BZR8M3;
				FRAMEWORK_SEARCH_PATHS = (
					"$(inherited)",
					"$(SRCROOT)/Example",
				);
				INFOPLIST_FILE = Example/Info.plist;
				IPHONEOS_DEPLOYMENT_TARGET = 9;
				LD_RUNPATH_SEARCH_PATHS = (
					"$(inherited)",
					"@executable_path/Frameworks",
				);
				OTHER_LDFLAGS = (
					"-ObjC",
					"-weak_framework",
					RevealServer,
				);
				PRODUCT_BUNDLE_IDENTIFIER = co.whitesmith.PopupExample;
				PRODUCT_NAME = "$(TARGET_NAME)";
				SWIFT_VERSION = 5.0;
				TARGETED_DEVICE_FAMILY = "1,2";
			};
			name = Debug;
		};
		D74C924D2208AB7C001FBAB5 /* Release */ = {
			isa = XCBuildConfiguration;
			buildSettings = {
				ALWAYS_EMBED_SWIFT_STANDARD_LIBRARIES = YES;
				ASSETCATALOG_COMPILER_APPICON_NAME = AppIcon;
				ASSETCATALOG_COMPILER_LAUNCHIMAGE_NAME = LaunchImage;
				CODE_SIGN_STYLE = Automatic;
				DEVELOPMENT_TEAM = 2E58BZR8M3;
				INFOPLIST_FILE = Example/Info.plist;
				IPHONEOS_DEPLOYMENT_TARGET = 9;
				LD_RUNPATH_SEARCH_PATHS = (
					"$(inherited)",
					"@executable_path/Frameworks",
				);
				PRODUCT_BUNDLE_IDENTIFIER = co.whitesmith.PopupExample;
				PRODUCT_NAME = "$(TARGET_NAME)";
				SWIFT_VERSION = 5.0;
				TARGETED_DEVICE_FAMILY = "1,2";
			};
			name = Release;
		};
		D7967146220AEFC00004667C /* Debug */ = {
			isa = XCBuildConfiguration;
			buildSettings = {
				CODE_SIGN_IDENTITY = "";
				CODE_SIGN_STYLE = Automatic;
				CURRENT_PROJECT_VERSION = 1;
				DEFINES_MODULE = YES;
				DEVELOPMENT_TEAM = 2E58BZR8M3;
				DYLIB_COMPATIBILITY_VERSION = 1;
				DYLIB_CURRENT_VERSION = 1;
				DYLIB_INSTALL_NAME_BASE = "@rpath";
				INFOPLIST_FILE = WSPopup/Info.plist;
				INSTALL_PATH = "$(LOCAL_LIBRARY_DIR)/Frameworks";
				IPHONEOS_DEPLOYMENT_TARGET = 9;
				LD_RUNPATH_SEARCH_PATHS = (
					"$(inherited)",
					"@executable_path/Frameworks",
					"@loader_path/Frameworks",
				);
				PRODUCT_BUNDLE_IDENTIFIER = co.whitesmith.WSPopup;
				PRODUCT_NAME = "$(TARGET_NAME:c99extidentifier)";
				SKIP_INSTALL = YES;
				SWIFT_VERSION = 5.0;
				TARGETED_DEVICE_FAMILY = "1,2";
				VERSIONING_SYSTEM = "apple-generic";
				VERSION_INFO_PREFIX = "";
			};
			name = Debug;
		};
		D7967147220AEFC00004667C /* Release */ = {
			isa = XCBuildConfiguration;
			buildSettings = {
				CODE_SIGN_IDENTITY = "";
				CODE_SIGN_STYLE = Automatic;
				CURRENT_PROJECT_VERSION = 1;
				DEFINES_MODULE = YES;
				DEVELOPMENT_TEAM = 2E58BZR8M3;
				DYLIB_COMPATIBILITY_VERSION = 1;
				DYLIB_CURRENT_VERSION = 1;
				DYLIB_INSTALL_NAME_BASE = "@rpath";
				INFOPLIST_FILE = WSPopup/Info.plist;
				INSTALL_PATH = "$(LOCAL_LIBRARY_DIR)/Frameworks";
				IPHONEOS_DEPLOYMENT_TARGET = 9;
				LD_RUNPATH_SEARCH_PATHS = (
					"$(inherited)",
					"@executable_path/Frameworks",
					"@loader_path/Frameworks",
				);
				PRODUCT_BUNDLE_IDENTIFIER = co.whitesmith.WSPopup;
				PRODUCT_NAME = "$(TARGET_NAME:c99extidentifier)";
				SKIP_INSTALL = YES;
				SWIFT_VERSION = 5.0;
				TARGETED_DEVICE_FAMILY = "1,2";
				VERSIONING_SYSTEM = "apple-generic";
				VERSION_INFO_PREFIX = "";
			};
			name = Release;
		};
/* End XCBuildConfiguration section */

/* Begin XCConfigurationList section */
		D74C92342208AB79001FBAB5 /* Build configuration list for PBXProject "WSPopup" */ = {
			isa = XCConfigurationList;
			buildConfigurations = (
				D74C92492208AB7C001FBAB5 /* Debug */,
				D74C924A2208AB7C001FBAB5 /* Release */,
			);
			defaultConfigurationIsVisible = 0;
			defaultConfigurationName = Release;
		};
		D74C924B2208AB7C001FBAB5 /* Build configuration list for PBXNativeTarget "WSPopupExample" */ = {
			isa = XCConfigurationList;
			buildConfigurations = (
				D74C924C2208AB7C001FBAB5 /* Debug */,
				D74C924D2208AB7C001FBAB5 /* Release */,
			);
			defaultConfigurationIsVisible = 0;
			defaultConfigurationName = Release;
		};
		D7967145220AEFC00004667C /* Build configuration list for PBXNativeTarget "WSPopup" */ = {
			isa = XCConfigurationList;
			buildConfigurations = (
				D7967146220AEFC00004667C /* Debug */,
				D7967147220AEFC00004667C /* Release */,
			);
			defaultConfigurationIsVisible = 0;
			defaultConfigurationName = Release;
		};
/* End XCConfigurationList section */
	};
	rootObject = D74C92312208AB79001FBAB5 /* Project object */;
}
